{
  "name": "PersuationArena",
  "lockfileVersion": 3,
  "requires": true,
  "packages": {
    "": {
      "devDependencies": {
        "@chenglou/pretext": "^0.0.8"
      },
      "engines": {
        "node": "22.x"
      }
    },
    "node_modules/@chenglou/pretext": {
      "version": "0.0.8",
      "resolved": "https://registry.npmjs.org/@chenglou/pretext/-/pretext-0.0.8.tgz",
      "integrity": "sha512-yqm2GMxnPI7VHcHwe84P8ZF0JK/2d2DMKPqMN+s95jQhwDMYYXKVFVJUMEaVWckQStdsjdLav/0Vu+d9YbtGxA==",
      "dev": true,
      "license": "MIT"
    }
  }
}
